
Microsoft Visual Studio Solution File, Format Version 12.00
# Visual Studio Version 17
VisualStudioVersion = 17.5.33502.453
MinimumVisualStudioVersion = 10.0.40219.1
Project("{FAE04EC0-301F-11D3-BF4B-00C04F79EFBC}") = "SBIS.ApiClient", "SBIS.ApiClient.csproj", "{85AEFC73-EC96-4945-8792-CB8D2159820F}"
EndProject
Global
	GlobalSection(SolutionConfigurationPlatforms) = preSolution
		Debug|Any CPU = Debug|Any CPU
		Release|Any CPU = Release|Any CPU
	EndGlobalSection
	GlobalSection(ProjectConfigurationPlatforms) = postSolution
		{85AEFC73-EC96-4945-8792-CB8D2159820F}.Debug|Any CPU.ActiveCfg = Debug|Any CPU
		{85AEFC73-EC96-4945-8792-CB8D2159820F}.Debug|Any CPU.Build.0 = Debug|Any CPU
		{85AEFC73-EC96-4945-8792-CB8D2159820F}.Release|Any CPU.ActiveCfg = Release|Any CPU
		{85AEFC73-EC96-4945-8792-CB8D2159820F}.Release|Any CPU.Build.0 = Release|Any CPU
	EndGlobalSection
	GlobalSection(SolutionProperties) = preSolution
		HideSolutionNode = FALSE
	EndGlobalSection
	GlobalSection(ExtensibilityGlobals) = postSolution
		SolutionGuid = {0826FFC0-1937-4E0F-B8EF-4BF921974F79}
	EndGlobalSection
EndGlobal
